# This file is automatically @generated by Cargo.
# It is not intended for manual editing.
version = 4

[[package]]
name = "papyrus-cli"
version = "0.1.0"
dependencies = [
 "papyrus-parser",
 "papyrus-renderer",
]

[[package]]
name = "papyrus-parser"
version = "0.1.0"

[[package]]
name = "papyrus-renderer"
version = "0.1.0"
